
Microsoft Visual Studio Solution File, Format Version 12.00
# Visual Studio Version 16
VisualStudioVersion = 16.0.29209.62
MinimumVisualStudioVersion = 10.0.40219.1
Project("{FAE04EC0-301F-11D3-BF4B-00C04F79EFBC}") = "WordBank", "WordBank.csproj", "{2B309B43-26B8-49CF-A930-3DEEC034A9C1}"
EndProject
Global
	GlobalSection(SolutionConfigurationPlatforms) = preSolution
		Debug|Any CPU = Debug|Any CPU
		Release|Any CPU = Release|Any CPU
	EndGlobalSection
	GlobalSection(ProjectConfigurationPlatforms) = postSolution
		{2B309B43-26B8-49CF-A930-3DEEC034A9C1}.Debug|Any CPU.ActiveCfg = Debug|Any CPU
		{2B309B43-26B8-49CF-A930-3DEEC034A9C1}.Debug|Any CPU.Build.0 = Debug|Any CPU
		{2B309B43-26B8-49CF-A930-3DEEC034A9C1}.Release|Any CPU.ActiveCfg = Release|Any CPU
		{2B309B43-26B8-49CF-A930-3DEEC034A9C1}.Release|Any CPU.Build.0 = Release|Any CPU
	EndGlobalSection
	GlobalSection(SolutionProperties) = preSolution
		HideSolutionNode = FALSE
	EndGlobalSection
	GlobalSection(ExtensibilityGlobals) = postSolution
		SolutionGuid = {88122D7F-27A9-4309-AC5B-D55394340689}
	EndGlobalSection
EndGlobal
